
Microsoft Visual Studio Solution File, Format Version 12.00
# Visual Studio Version 17
VisualStudioVersion = 17.2.32630.192
MinimumVisualStudioVersion = 10.0.40219.1
Project("{9A19103F-16F7-4668-BE54-9A1E7A4F7556}") = "H89R6J_HFT_2021221.Client", "H89R6J_HFT_2021221.Client\H89R6J_HFT_2021221.Client.csproj", "{9E85B7F1-8872-4C06-8B2B-60EF8F7CAC20}"
EndProject
Project("{9A19103F-16F7-4668-BE54-9A1E7A4F7556}") = "H89R6J_HFT_2021221.Models", "H89R6J_HFT_2021221.Models\H89R6J_HFT_2021221.Models.csproj", "{BC39D7FE-D993-48A7-B8D6-E955DB6F700B}"
EndProject
Project("{9A19103F-16F7-4668-BE54-9A1E7A4F7556}") = "H89R6J_HFT_2021221.Data", "H89R6J_HFT_2021221.Data\H89R6J_HFT_2021221.Data.csproj", "{36B387EA-F47E-4276-8AB7-70E67D9C3459}"
EndProject
Project("{9A19103F-16F7-4668-BE54-9A1E7A4F7556}") = "H89R6J_HFT_2021221.Logic", "H89R6J_HFT_2021221.Logic\H89R6J_HFT_2021221.Logic.csproj", "{CA6819B7-F961-417A-8F61-D31C216B4031}"
EndProject
Project("{9A19103F-16F7-4668-BE54-9A1E7A4F7556}") = "H89R6J_HFT_2021221.Repository", "H89R6J_HFT_2021221.Repository\H89R6J_HFT_2021221.Repository.csproj", "{E5E41C75-61D6-43C6-A0D2-5DD926585071}"
EndProject
Project("{9A19103F-16F7-4668-BE54-9A1E7A4F7556}") = "H89R6J_HFT_2021221.Endpoint", "H89R6J_HFT_2021221.Endpoint\H89R6J_HFT_2021221.Endpoint.csproj", "{603B76BD-792B-4AF2-BA18-2500D154E514}"
EndProject
Project("{2150E333-8FDC-42A3-9474-1A3956D46DE8}") = "Backend", "Backend", "{A157CC51-7093-4951-AFE2-301908C496EF}"
EndProject
Project("{2150E333-8FDC-42A3-9474-1A3956D46DE8}") = "Frontend", "Frontend", "{FF5B31C3-83B1-438D-A5D0-89EB29B96302}"
EndProject
Project("{2150E333-8FDC-42A3-9474-1A3956D46DE8}") = "Shared", "Shared", "{7CFA8D94-1CEB-4A28-AA7F-660D3DFC504A}"
EndProject
Project("{2150E333-8FDC-42A3-9474-1A3956D46DE8}") = "Others", "Others", "{A5976F30-CB27-4CFB-B814-9FAA04AC9989}"
	ProjectSection(SolutionItems) = preProject
		.gitignore = .gitignore
	EndProjectSection
EndProject
Project("{9A19103F-16F7-4668-BE54-9A1E7A4F7556}") = "H89R6J_HFT_2021221.Test", "H89R6J_HFT_2021221.Test\H89R6J_HFT_2021221.Test.csproj", "{BB720718-E978-4454-86DD-341DD90F8685}"
EndProject
Project("{FAE04EC0-301F-11D3-BF4B-00C04F79EFBC}") = "H89R6J_HFT_2021221.WpfClient", "H89R6J_HFT_2021221.WpfClient\H89R6J_HFT_2021221.WpfClient.csproj", "{0700F780-F785-4740-99DE-935B1FACD067}"
EndProject
Global
	GlobalSection(SolutionConfigurationPlatforms) = preSolution
		Debug|Any CPU = Debug|Any CPU
		Release|Any CPU = Release|Any CPU
	EndGlobalSection
	GlobalSection(ProjectConfigurationPlatforms) = postSolution
		{9E85B7F1-8872-4C06-8B2B-60EF8F7CAC20}.Debug|Any CPU.ActiveCfg = Debug|Any CPU
		{9E85B7F1-8872-4C06-8B2B-60EF8F7CAC20}.Debug|Any CPU.Build.0 = Debug|Any CPU
		{9E85B7F1-8872-4C06-8B2B-60EF8F7CAC20}.Release|Any CPU.ActiveCfg = Release|Any CPU
		{9E85B7F1-8872-4C06-8B2B-60EF8F7CAC20}.Release|Any CPU.Build.0 = Release|Any CPU
		{BC39D7FE-D993-48A7-B8D6-E955DB6F700B}.Debug|Any CPU.ActiveCfg = Debug|Any CPU
		{BC39D7FE-D993-48A7-B8D6-E955DB6F700B}.Debug|Any CPU.Build.0 = Debug|Any CPU
		{BC39D7FE-D993-48A7-B8D6-E955DB6F700B}.Release|Any CPU.ActiveCfg = Release|Any CPU
		{BC39D7FE-D993-48A7-B8D6-E955DB6F700B}.Release|Any CPU.Build.0 = Release|Any CPU
		{36B387EA-F47E-4276-8AB7-70E67D9C3459}.Debug|Any CPU.ActiveCfg = Debug|Any CPU
		{36B387EA-F47E-4276-8AB7-70E67D9C3459}.Debug|Any CPU.Build.0 = Debug|Any CPU
		{36B387EA-F47E-4276-8AB7-70E67D9C3459}.Release|Any CPU.ActiveCfg = Release|Any CPU
		{36B387EA-F47E-4276-8AB7-70E67D9C3459}.Release|Any CPU.Build.0 = Release|Any CPU
		{CA6819B7-F961-417A-8F61-D31C216B4031}.Debug|Any CPU.ActiveCfg = Debug|Any CPU
		{CA6819B7-F961-417A-8F61-D31C216B4031}.Debug|Any CPU.Build.0 = Debug|Any CPU
		{CA6819B7-F961-417A-8F61-D31C216B4031}.Release|Any CPU.ActiveCfg = Release|Any CPU
		{CA6819B7-F961-417A-8F61-D31C216B4031}.Release|Any CPU.Build.0 = Release|Any CPU
		{E5E41C75-61D6-43C6-A0D2-5DD926585071}.Debug|Any CPU.ActiveCfg = Debug|Any CPU
		{E5E41C75-61D6-43C6-A0D2-5DD926585071}.Debug|Any CPU.Build.0 = Debug|Any CPU
		{E5E41C75-61D6-43C6-A0D2-5DD926585071}.Release|Any CPU.ActiveCfg = Release|Any CPU
		{E5E41C75-61D6-43C6-A0D2-5DD926585071}.Release|Any CPU.Build.0 = Release|Any CPU
		{603B76BD-792B-4AF2-BA18-2500D154E514}.Debug|Any CPU.ActiveCfg = Debug|Any CPU
		{603B76BD-792B-4AF2-BA18-2500D154E514}.Debug|Any CPU.Build.0 = Debug|Any CPU
		{603B76BD-792B-4AF2-BA18-2500D154E514}.Release|Any CPU.ActiveCfg = Release|Any CPU
		{603B76BD-792B-4AF2-BA18-2500D154E514}.Release|Any CPU.Build.0 = Release|Any CPU
		{BB720718-E978-4454-86DD-341DD90F8685}.Debug|Any CPU.ActiveCfg = Debug|Any CPU
		{BB720718-E978-4454-86DD-341DD90F8685}.Debug|Any CPU.Build.0 = Debug|Any CPU
		{BB720718-E978-4454-86DD-341DD90F8685}.Release|Any CPU.ActiveCfg = Release|Any CPU
		{BB720718-E978-4454-86DD-341DD90F8685}.Release|Any CPU.Build.0 = Release|Any CPU
		{0700F780-F785-4740-99DE-935B1FACD067}.Debug|Any CPU.ActiveCfg = Debug|Any CPU
		{0700F780-F785-4740-99DE-935B1FACD067}.Debug|Any CPU.Build.0 = Debug|Any CPU
		{0700F780-F785-4740-99DE-935B1FACD067}.Release|Any CPU.ActiveCfg = Release|Any CPU
		{0700F780-F785-4740-99DE-935B1FACD067}.Release|Any CPU.Build.0 = Release|Any CPU
	EndGlobalSection
	GlobalSection(SolutionProperties) = preSolution
		HideSolutionNode = FALSE
	EndGlobalSection
	GlobalSection(NestedProjects) = preSolution
		{9E85B7F1-8872-4C06-8B2B-60EF8F7CAC20} = {FF5B31C3-83B1-438D-A5D0-89EB29B96302}
		{BC39D7FE-D993-48A7-B8D6-E955DB6F700B} = {7CFA8D94-1CEB-4A28-AA7F-660D3DFC504A}
		{36B387EA-F47E-4276-8AB7-70E67D9C3459} = {A157CC51-7093-4951-AFE2-301908C496EF}
		{CA6819B7-F961-417A-8F61-D31C216B4031} = {A157CC51-7093-4951-AFE2-301908C496EF}
		{E5E41C75-61D6-43C6-A0D2-5DD926585071} = {A157CC51-7093-4951-AFE2-301908C496EF}
		{603B76BD-792B-4AF2-BA18-2500D154E514} = {A157CC51-7093-4951-AFE2-301908C496EF}
		{BB720718-E978-4454-86DD-341DD90F8685} = {A157CC51-7093-4951-AFE2-301908C496EF}
		{0700F780-F785-4740-99DE-935B1FACD067} = {FF5B31C3-83B1-438D-A5D0-89EB29B96302}
	EndGlobalSection
	GlobalSection(ExtensibilityGlobals) = postSolution
		SolutionGuid = {E4BF3CC8-BF77-486C-9319-B991705DF92E}
	EndGlobalSection
EndGlobal
